
Microsoft Visual Studio Solution File, Format Version 12.00
# Visual Studio Version 16
VisualStudioVersion = 16.0.31205.134
MinimumVisualStudioVersion = 10.0.40219.1
Project("{FAE04EC0-301F-11D3-BF4B-00C04F79EFBC}") = "LambdaExpression", "LambdaExpression\LambdaExpression.csproj", "{86B7F6AA-2552-4E5D-B0E6-F9BAF4387B8A}"
EndProject
Global
	GlobalSection(SolutionConfigurationPlatforms) = preSolution
		Debug|Any CPU = Debug|Any CPU
		Release|Any CPU = Release|Any CPU
	EndGlobalSection
	GlobalSection(ProjectConfigurationPlatforms) = postSolution
		{86B7F6AA-2552-4E5D-B0E6-F9BAF4387B8A}.Debug|Any CPU.ActiveCfg = Debug|Any CPU
		{86B7F6AA-2552-4E5D-B0E6-F9BAF4387B8A}.Debug|Any CPU.Build.0 = Debug|Any CPU
		{86B7F6AA-2552-4E5D-B0E6-F9BAF4387B8A}.Release|Any CPU.ActiveCfg = Release|Any CPU
		{86B7F6AA-2552-4E5D-B0E6-F9BAF4387B8A}.Release|Any CPU.Build.0 = Release|Any CPU
	EndGlobalSection
	GlobalSection(SolutionProperties) = preSolution
		HideSolutionNode = FALSE
	EndGlobalSection
	GlobalSection(ExtensibilityGlobals) = postSolution
		SolutionGuid = {03C8A893-7204-417B-BD37-D32F14538F40}
	EndGlobalSection
EndGlobal
